
Microsoft Visual Studio Solution File, Format Version 12.00
# Visual Studio Version 16
VisualStudioVersion = 16.0.34407.143
MinimumVisualStudioVersion = 10.0.40219.1
Project("{FAE04EC0-301F-11D3-BF4B-00C04F79EFBC}") = "calculadora", "calculadora\calculadora.csproj", "{083F4BB6-7A33-4255-9C29-D4D4A54F0F03}"
EndProject
Global
	GlobalSection(SolutionConfigurationPlatforms) = preSolution
		Debug|Any CPU = Debug|Any CPU
		Release|Any CPU = Release|Any CPU
	EndGlobalSection
	GlobalSection(ProjectConfigurationPlatforms) = postSolution
		{083F4BB6-7A33-4255-9C29-D4D4A54F0F03}.Debug|Any CPU.ActiveCfg = Debug|Any CPU
		{083F4BB6-7A33-4255-9C29-D4D4A54F0F03}.Debug|Any CPU.Build.0 = Debug|Any CPU
		{083F4BB6-7A33-4255-9C29-D4D4A54F0F03}.Release|Any CPU.ActiveCfg = Release|Any CPU
		{083F4BB6-7A33-4255-9C29-D4D4A54F0F03}.Release|Any CPU.Build.0 = Release|Any CPU
	EndGlobalSection
	GlobalSection(SolutionProperties) = preSolution
		HideSolutionNode = FALSE
	EndGlobalSection
	GlobalSection(ExtensibilityGlobals) = postSolution
		SolutionGuid = {0F2C6A87-571B-4308-88C8-2A9BC9879BB3}
	EndGlobalSection
EndGlobal
